<Solution>
  <Folder Name="/src/">
    <Project Path="src/Directo.Domain/Directo.Domain.csproj" />
    <Project Path="src/Directo.Protocol/Directo.Protocol.csproj" />
    <Project Path="src/Directo.Security/Directo.Security.csproj" />
    <Project Path="src/Directo.Storage/Directo.Storage.csproj" />
  </Folder>
  <Folder Name="/tests/">
    <Project Path="tests/Directo.Core.Tests/Directo.Core.Tests.csproj" />
    <Project Path="tests/Directo.Protocol.Tests/Directo.Protocol.Tests.csproj" />
    <Project Path="tests/Directo.Security.Tests/Directo.Security.Tests.csproj" />
  </Folder>
</Solution>
